
Microsoft Visual Studio Solution File, Format Version 12.00
# Visual Studio 2013
VisualStudioVersion = 12.0.31101.0
MinimumVisualStudioVersion = 10.0.40219.1
Project("{FAE04EC0-301F-11D3-BF4B-00C04F79EFBC}") = "HotelManagment", "HotelManagment\HotelManagment.csproj", "{086B74EB-526C-4295-9723-6FDFFF670201}"
	ProjectSection(ProjectDependencies) = postProject
		{DF1AB3D9-22F6-4CFD-BA1C-2CB53CD97C21} = {DF1AB3D9-22F6-4CFD-BA1C-2CB53CD97C21}
	EndProjectSection
EndProject
Project("{FAE04EC0-301F-11D3-BF4B-00C04F79EFBC}") = "HotelService", "HotelService\HotelService.csproj", "{DF1AB3D9-22F6-4CFD-BA1C-2CB53CD97C21}"
EndProject
Global
	GlobalSection(SolutionConfigurationPlatforms) = preSolution
		Debug|Any CPU = Debug|Any CPU
		Release|Any CPU = Release|Any CPU
	EndGlobalSection
	GlobalSection(ProjectConfigurationPlatforms) = postSolution
		{086B74EB-526C-4295-9723-6FDFFF670201}.Debug|Any CPU.ActiveCfg = Debug|Any CPU
		{086B74EB-526C-4295-9723-6FDFFF670201}.Debug|Any CPU.Build.0 = Debug|Any CPU
		{086B74EB-526C-4295-9723-6FDFFF670201}.Release|Any CPU.ActiveCfg = Release|Any CPU
		{086B74EB-526C-4295-9723-6FDFFF670201}.Release|Any CPU.Build.0 = Release|Any CPU
		{DF1AB3D9-22F6-4CFD-BA1C-2CB53CD97C21}.Debug|Any CPU.ActiveCfg = Debug|Any CPU
		{DF1AB3D9-22F6-4CFD-BA1C-2CB53CD97C21}.Debug|Any CPU.Build.0 = Debug|Any CPU
		{DF1AB3D9-22F6-4CFD-BA1C-2CB53CD97C21}.Release|Any CPU.ActiveCfg = Release|Any CPU
		{DF1AB3D9-22F6-4CFD-BA1C-2CB53CD97C21}.Release|Any CPU.Build.0 = Release|Any CPU
	EndGlobalSection
	GlobalSection(SolutionProperties) = preSolution
		HideSolutionNode = FALSE
	EndGlobalSection
EndGlobal
